
Microsoft Visual Studio Solution File, Format Version 12.00
# Visual Studio Version 17
VisualStudioVersion = 17.11.35312.102
MinimumVisualStudioVersion = 10.0.40219.1
Project("{FAE04EC0-301F-11D3-BF4B-00C04F79EFBC}") = "DayofTheWeek", "DayofTheWeek\DayofTheWeek.csproj", "{6710F61D-4CE5-4B33-B844-AC7CF251DF70}"
EndProject
Project("{FAE04EC0-301F-11D3-BF4B-00C04F79EFBC}") = "GradeCalculator", "GradeCalculator\GradeCalculator.csproj", "{F2021912-46C7-4B67-9FC1-162ED1305D3D}"
EndProject
Project("{FAE04EC0-301F-11D3-BF4B-00C04F79EFBC}") = "SimpleCalculator", "SimpleCalculator\SimpleCalculator.csproj", "{98A98E60-775D-4191-8A72-780319B8D1B2}"
EndProject
Project("{FAE04EC0-301F-11D3-BF4B-00C04F79EFBC}") = "SumOfNaturalNums", "SumOfNaturalNums\SumOfNaturalNums.csproj", "{1177BCB7-2BE5-4294-96E7-9969A9A803C5}"
EndProject
Project("{FAE04EC0-301F-11D3-BF4B-00C04F79EFBC}") = "findFactorialNum", "findFactorialNum\findFactorialNum.csproj", "{4B6359C4-C2F4-41E8-823A-FC74BD48CA01}"
EndProject
Project("{FAE04EC0-301F-11D3-BF4B-00C04F79EFBC}") = "PrintEvenOdd", "PrintEvenOdd\PrintEvenOdd.csproj", "{DA1DA706-F22D-485E-8209-8BC17C6B4AF4}"
EndProject
Project("{FAE04EC0-301F-11D3-BF4B-00C04F79EFBC}") = "MultiTableFibonaciiSeries", "MultiTableFibonaciiSeries\MultiTableFibonaciiSeries.csproj", "{2AAF7035-5ECE-4357-8B24-50CB51BCD814}"
EndProject
Project("{FAE04EC0-301F-11D3-BF4B-00C04F79EFBC}") = "PrimeNumGCD", "PrimeNumGCD\PrimeNumGCD.csproj", "{8412EC4D-0C21-43B7-B6D4-1EC674959AC0}"
EndProject
Project("{FAE04EC0-301F-11D3-BF4B-00C04F79EFBC}") = "CharPrintStrReverse", "CharPrintStrReverse\CharPrintStrReverse.csproj", "{2DA9CEF6-E263-4F38-9BB0-D015525BB74A}"
EndProject
Project("{FAE04EC0-301F-11D3-BF4B-00C04F79EFBC}") = "RecusrionOperations", "RecusrionOperations\RecusrionOperations.csproj", "{BC1E4273-7839-4B48-93AF-0B72AD6878CD}"
EndProject
Project("{FAE04EC0-301F-11D3-BF4B-00C04F79EFBC}") = "RecFibonaciiGcd", "RecFibonaciiGcd\RecFibonaciiGcd.csproj", "{C5C833B1-9A74-49D8-99CF-21547CBC5792}"
EndProject
Project("{FAE04EC0-301F-11D3-BF4B-00C04F79EFBC}") = "RecPower&SumOfNumber", "RecPower&SumOfNumber\RecPower&SumOfNumber.csproj", "{50885182-BE70-419A-B864-DF10F4AAFB01}"
EndProject
Project("{FAE04EC0-301F-11D3-BF4B-00C04F79EFBC}") = "RecRevrsStrPalindrome", "RecRevrsStrPalindrome\RecRevrsStrPalindrome.csproj", "{B7D7F150-FB08-4D0E-91CA-B9670EC7F78D}"
EndProject
Project("{FAE04EC0-301F-11D3-BF4B-00C04F79EFBC}") = "RecPuzzleBinaryMerge", "RecPuzzleBinaryMerge\RecPuzzleBinaryMerge.csproj", "{9CAEBECA-DAAC-4DE2-AE48-B904D08854D3}"
EndProject
Global
	GlobalSection(SolutionConfigurationPlatforms) = preSolution
		Debug|Any CPU = Debug|Any CPU
		Release|Any CPU = Release|Any CPU
	EndGlobalSection
	GlobalSection(ProjectConfigurationPlatforms) = postSolution
		{6710F61D-4CE5-4B33-B844-AC7CF251DF70}.Debug|Any CPU.ActiveCfg = Debug|Any CPU
		{6710F61D-4CE5-4B33-B844-AC7CF251DF70}.Debug|Any CPU.Build.0 = Debug|Any CPU
		{6710F61D-4CE5-4B33-B844-AC7CF251DF70}.Release|Any CPU.ActiveCfg = Release|Any CPU
		{6710F61D-4CE5-4B33-B844-AC7CF251DF70}.Release|Any CPU.Build.0 = Release|Any CPU
		{F2021912-46C7-4B67-9FC1-162ED1305D3D}.Debug|Any CPU.ActiveCfg = Debug|Any CPU
		{F2021912-46C7-4B67-9FC1-162ED1305D3D}.Debug|Any CPU.Build.0 = Debug|Any CPU
		{F2021912-46C7-4B67-9FC1-162ED1305D3D}.Release|Any CPU.ActiveCfg = Release|Any CPU
		{F2021912-46C7-4B67-9FC1-162ED1305D3D}.Release|Any CPU.Build.0 = Release|Any CPU
		{98A98E60-775D-4191-8A72-780319B8D1B2}.Debug|Any CPU.ActiveCfg = Debug|Any CPU
		{98A98E60-775D-4191-8A72-780319B8D1B2}.Debug|Any CPU.Build.0 = Debug|Any CPU
		{98A98E60-775D-4191-8A72-780319B8D1B2}.Release|Any CPU.ActiveCfg = Release|Any CPU
		{98A98E60-775D-4191-8A72-780319B8D1B2}.Release|Any CPU.Build.0 = Release|Any CPU
		{1177BCB7-2BE5-4294-96E7-9969A9A803C5}.Debug|Any CPU.ActiveCfg = Debug|Any CPU
		{1177BCB7-2BE5-4294-96E7-9969A9A803C5}.Debug|Any CPU.Build.0 = Debug|Any CPU
		{1177BCB7-2BE5-4294-96E7-9969A9A803C5}.Release|Any CPU.ActiveCfg = Release|Any CPU
		{1177BCB7-2BE5-4294-96E7-9969A9A803C5}.Release|Any CPU.Build.0 = Release|Any CPU
		{4B6359C4-C2F4-41E8-823A-FC74BD48CA01}.Debug|Any CPU.ActiveCfg = Debug|Any CPU
		{4B6359C4-C2F4-41E8-823A-FC74BD48CA01}.Debug|Any CPU.Build.0 = Debug|Any CPU
		{4B6359C4-C2F4-41E8-823A-FC74BD48CA01}.Release|Any CPU.ActiveCfg = Release|Any CPU
		{4B6359C4-C2F4-41E8-823A-FC74BD48CA01}.Release|Any CPU.Build.0 = Release|Any CPU
		{DA1DA706-F22D-485E-8209-8BC17C6B4AF4}.Debug|Any CPU.ActiveCfg = Debug|Any CPU
		{DA1DA706-F22D-485E-8209-8BC17C6B4AF4}.Debug|Any CPU.Build.0 = Debug|Any CPU
		{DA1DA706-F22D-485E-8209-8BC17C6B4AF4}.Release|Any CPU.ActiveCfg = Release|Any CPU
		{DA1DA706-F22D-485E-8209-8BC17C6B4AF4}.Release|Any CPU.Build.0 = Release|Any CPU
		{2AAF7035-5ECE-4357-8B24-50CB51BCD814}.Debug|Any CPU.ActiveCfg = Debug|Any CPU
		{2AAF7035-5ECE-4357-8B24-50CB51BCD814}.Debug|Any CPU.Build.0 = Debug|Any CPU
		{2AAF7035-5ECE-4357-8B24-50CB51BCD814}.Release|Any CPU.ActiveCfg = Release|Any CPU
		{2AAF7035-5ECE-4357-8B24-50CB51BCD814}.Release|Any CPU.Build.0 = Release|Any CPU
		{8412EC4D-0C21-43B7-B6D4-1EC674959AC0}.Debug|Any CPU.ActiveCfg = Debug|Any CPU
		{8412EC4D-0C21-43B7-B6D4-1EC674959AC0}.Debug|Any CPU.Build.0 = Debug|Any CPU
		{8412EC4D-0C21-43B7-B6D4-1EC674959AC0}.Release|Any CPU.ActiveCfg = Release|Any CPU
		{8412EC4D-0C21-43B7-B6D4-1EC674959AC0}.Release|Any CPU.Build.0 = Release|Any CPU
		{2DA9CEF6-E263-4F38-9BB0-D015525BB74A}.Debug|Any CPU.ActiveCfg = Debug|Any CPU
		{2DA9CEF6-E263-4F38-9BB0-D015525BB74A}.Debug|Any CPU.Build.0 = Debug|Any CPU
		{2DA9CEF6-E263-4F38-9BB0-D015525BB74A}.Release|Any CPU.ActiveCfg = Release|Any CPU
		{2DA9CEF6-E263-4F38-9BB0-D015525BB74A}.Release|Any CPU.Build.0 = Release|Any CPU
		{BC1E4273-7839-4B48-93AF-0B72AD6878CD}.Debug|Any CPU.ActiveCfg = Debug|Any CPU
		{BC1E4273-7839-4B48-93AF-0B72AD6878CD}.Debug|Any CPU.Build.0 = Debug|Any CPU
		{BC1E4273-7839-4B48-93AF-0B72AD6878CD}.Release|Any CPU.ActiveCfg = Release|Any CPU
		{BC1E4273-7839-4B48-93AF-0B72AD6878CD}.Release|Any CPU.Build.0 = Release|Any CPU
		{C5C833B1-9A74-49D8-99CF-21547CBC5792}.Debug|Any CPU.ActiveCfg = Debug|Any CPU
		{C5C833B1-9A74-49D8-99CF-21547CBC5792}.Debug|Any CPU.Build.0 = Debug|Any CPU
		{C5C833B1-9A74-49D8-99CF-21547CBC5792}.Release|Any CPU.ActiveCfg = Release|Any CPU
		{C5C833B1-9A74-49D8-99CF-21547CBC5792}.Release|Any CPU.Build.0 = Release|Any CPU
		{50885182-BE70-419A-B864-DF10F4AAFB01}.Debug|Any CPU.ActiveCfg = Debug|Any CPU
		{50885182-BE70-419A-B864-DF10F4AAFB01}.Debug|Any CPU.Build.0 = Debug|Any CPU
		{50885182-BE70-419A-B864-DF10F4AAFB01}.Release|Any CPU.ActiveCfg = Release|Any CPU
		{50885182-BE70-419A-B864-DF10F4AAFB01}.Release|Any CPU.Build.0 = Release|Any CPU
		{B7D7F150-FB08-4D0E-91CA-B9670EC7F78D}.Debug|Any CPU.ActiveCfg = Debug|Any CPU
		{B7D7F150-FB08-4D0E-91CA-B9670EC7F78D}.Debug|Any CPU.Build.0 = Debug|Any CPU
		{B7D7F150-FB08-4D0E-91CA-B9670EC7F78D}.Release|Any CPU.ActiveCfg = Release|Any CPU
		{B7D7F150-FB08-4D0E-91CA-B9670EC7F78D}.Release|Any CPU.Build.0 = Release|Any CPU
		{9CAEBECA-DAAC-4DE2-AE48-B904D08854D3}.Debug|Any CPU.ActiveCfg = Debug|Any CPU
		{9CAEBECA-DAAC-4DE2-AE48-B904D08854D3}.Debug|Any CPU.Build.0 = Debug|Any CPU
		{9CAEBECA-DAAC-4DE2-AE48-B904D08854D3}.Release|Any CPU.ActiveCfg = Release|Any CPU
		{9CAEBECA-DAAC-4DE2-AE48-B904D08854D3}.Release|Any CPU.Build.0 = Release|Any CPU
	EndGlobalSection
	GlobalSection(SolutionProperties) = preSolution
		HideSolutionNode = FALSE
	EndGlobalSection
	GlobalSection(ExtensibilityGlobals) = postSolution
		SolutionGuid = {FCA64847-28C7-44B3-AF5D-420FEECE1B84}
	EndGlobalSection
EndGlobal
